
Microsoft Visual Studio Solution File, Format Version 12.00
# Visual Studio Version 17
VisualStudioVersion = 17.0.31903.59
MinimumVisualStudioVersion = 10.0.40219.1
Project("{FAE04EC0-301F-11D3-BF4B-00C04F79EFBC}") = "lab4", "lab4\lab4.csproj", "{EF2FDF1B-E814-44FC-870F-046B6A4C79EE}"
EndProject
Project("{FAE04EC0-301F-11D3-BF4B-00C04F79EFBC}") = "lab1trans", "lab1trans\lab1trans.csproj", "{0C1F9898-120A-46D3-A86D-261FBA1CF624}"
EndProject
Project("{FAE04EC0-301F-11D3-BF4B-00C04F79EFBC}") = "lab2trans", "lab2trans\lab2trans.csproj", "{BFED5597-4C93-4E94-8353-052CF0F5E477}"
EndProject
Global
	GlobalSection(SolutionConfigurationPlatforms) = preSolution
		Debug|Any CPU = Debug|Any CPU
		Release|Any CPU = Release|Any CPU
	EndGlobalSection
	GlobalSection(SolutionProperties) = preSolution
		HideSolutionNode = FALSE
	EndGlobalSection
	GlobalSection(ProjectConfigurationPlatforms) = postSolution
		{EF2FDF1B-E814-44FC-870F-046B6A4C79EE}.Debug|Any CPU.ActiveCfg = Debug|Any CPU
		{EF2FDF1B-E814-44FC-870F-046B6A4C79EE}.Debug|Any CPU.Build.0 = Debug|Any CPU
		{EF2FDF1B-E814-44FC-870F-046B6A4C79EE}.Release|Any CPU.ActiveCfg = Release|Any CPU
		{EF2FDF1B-E814-44FC-870F-046B6A4C79EE}.Release|Any CPU.Build.0 = Release|Any CPU
		{0C1F9898-120A-46D3-A86D-261FBA1CF624}.Debug|Any CPU.ActiveCfg = Debug|Any CPU
		{0C1F9898-120A-46D3-A86D-261FBA1CF624}.Debug|Any CPU.Build.0 = Debug|Any CPU
		{0C1F9898-120A-46D3-A86D-261FBA1CF624}.Release|Any CPU.ActiveCfg = Release|Any CPU
		{0C1F9898-120A-46D3-A86D-261FBA1CF624}.Release|Any CPU.Build.0 = Release|Any CPU
		{BFED5597-4C93-4E94-8353-052CF0F5E477}.Debug|Any CPU.ActiveCfg = Debug|Any CPU
		{BFED5597-4C93-4E94-8353-052CF0F5E477}.Debug|Any CPU.Build.0 = Debug|Any CPU
		{BFED5597-4C93-4E94-8353-052CF0F5E477}.Release|Any CPU.ActiveCfg = Release|Any CPU
		{BFED5597-4C93-4E94-8353-052CF0F5E477}.Release|Any CPU.Build.0 = Release|Any CPU
	EndGlobalSection
EndGlobal
